// !$*UTF8*$!
{
	archiveVersion = 1;
	classes = {
	};
	objectVersion = 56;
	objects = {

/* Begin PBXBuildFile section */
		D2DCA2192A14C4AC00557AFA /* AppDelegate.swift in Sources */ = {isa = PBXBuildFile; fileRef = D2DCA2182A14C4AC00557AFA /* AppDelegate.swift */; };
		D2DCA21B2A14C4AC00557AFA /* SceneDelegate.swift in Sources */ = {isa = PBXBuildFile; fileRef = D2DCA21A2A14C4AC00557AFA /* SceneDelegate.swift */; };
		D2DCA21D2A14C4AC00557AFA /* ViewController.swift in Sources */ = {isa = PBXBuildFile; fileRef = D2DCA21C2A14C4AC00557AFA /* ViewController.swift */; };
		D2DCA2202A14C4AC00557AFA /* Main.storyboard in Resources */ = {isa = PBXBuildFile; fileRef = D2DCA21E2A14C4AC00557AFA /* Main.storyboard */; };
		D2DCA2222A14C4AE00557AFA /* Assets.xcassets in Resources */ = {isa = PBXBuildFile; fileRef = D2DCA2212A14C4AE00557AFA /* Assets.xcassets */; };
		D2DCA2252A14C4AF00557AFA /* LaunchScreen.storyboard in Resources */ = {isa = PBXBuildFile; fileRef = D2DCA2232A14C4AE00557AFA /* LaunchScreen.storyboard */; };
		D2DCA2302A14C4AF00557AFA /* ShimmerViewTests.swift in Sources */ = {isa = PBXBuildFile; fileRef = D2DCA22F2A14C4AF00557AFA /* ShimmerViewTests.swift */; };
		D2DCA23A2A14C4AF00557AFA /* ShimmerViewUITests.swift in Sources */ = {isa = PBXBuildFile; fileRef = D2DCA2392A14C4AF00557AFA /* ShimmerViewUITests.swift */; };
		D2DCA23C2A14C4AF00557AFA /* ShimmerViewUITestsLaunchTests.swift in Sources */ = {isa = PBXBuildFile; fileRef = D2DCA23B2A14C4AF00557AFA /* ShimmerViewUITestsLaunchTests.swift */; };
		D2DCA2492A14C55A00557AFA /* Shimmer.swift in Sources */ = {isa = PBXBuildFile; fileRef = D2DCA2482A14C55A00557AFA /* Shimmer.swift */; };
/* End PBXBuildFile section */

/* Begin PBXContainerItemProxy section */
		D2DCA22C2A14C4AF00557AFA /* PBXContainerItemProxy */ = {
			isa = PBXContainerItemProxy;
			containerPortal = D2DCA20D2A14C4AC00557AFA /* Project object */;
			proxyType = 1;
			remoteGlobalIDString = D2DCA2142A14C4AC00557AFA;
			remoteInfo = ShimmerView;
		};
		D2DCA2362A14C4AF00557AFA /* PBXContainerItemProxy */ = {
			isa = PBXContainerItemProxy;
			containerPortal = D2DCA20D2A14C4AC00557AFA /* Project object */;
			proxyType = 1;
			remoteGlobalIDString = D2DCA2142A14C4AC00557AFA;
			remoteInfo = ShimmerView;
		};
/* End PBXContainerItemProxy section */

/* Begin PBXFileReference section */
		D2DCA2152A14C4AC00557AFA /* ShimmerView.app */ = {isa = PBXFileReference; explicitFileType = wrapper.application; includeInIndex = 0; path = ShimmerView.app; sourceTree = BUILT_PRODUCTS_DIR; };
		D2DCA2182A14C4AC00557AFA /* AppDelegate.swift */ = {isa = PBXFileReference; lastKnownFileType = sourcecode.swift; path = AppDelegate.swift; sourceTree = "<group>"; };
		D2DCA21A2A14C4AC00557AFA /* SceneDelegate.swift */ = {isa = PBXFileReference; lastKnownFileType = sourcecode.swift; path = SceneDelegate.swift; sourceTree = "<group>"; };
		D2DCA21C2A14C4AC00557AFA /* ViewController.swift */ = {isa = PBXFileReference; lastKnownFileType = sourcecode.swift; path = ViewController.swift; sourceTree = "<group>"; };
		D2DCA21F2A14C4AC00557AFA /* Base */ = {isa = PBXFileReference; lastKnownFileType = file.storyboard; name = Base; path = Base.lproj/Main.storyboard; sourceTree = "<group>"; };
		D2DCA2212A14C4AE00557AFA /* Assets.xcassets */ = {isa = PBXFileReference; lastKnownFileType = folder.assetcatalog; path = Assets.xcassets; sourceTree = "<group>"; };
		D2DCA2242A14C4AE00557AFA /* Base */ = {isa = PBXFileReference; lastKnownFileType = file.storyboard; name = Base; path = Base.lproj/LaunchScreen.storyboard; sourceTree = "<group>"; };
		D2DCA2262A14C4AF00557AFA /* Info.plist */ = {isa = PBXFileReference; lastKnownFileType = text.plist.xml; path = Info.plist; sourceTree = "<group>"; };
		D2DCA22B2A14C4AF00557AFA /* ShimmerViewTests.xctest */ = {isa = PBXFileReference; explicitFileType = wrapper.cfbundle; includeInIndex = 0; path = ShimmerViewTests.xctest; sourceTree = BUILT_PRODUCTS_DIR; };
		D2DCA22F2A14C4AF00557AFA /* ShimmerViewTests.swift */ = {isa = PBXFileReference; lastKnownFileType = sourcecode.swift; path = ShimmerViewTests.swift; sourceTree = "<group>"; };
		D2DCA2352A14C4AF00557AFA /* ShimmerViewUITests.xctest */ = {isa = PBXFileReference; explicitFileType = wrapper.cfbundle; includeInIndex = 0; path = ShimmerViewUITests.xctest; sourceTree = BUILT_PRODUCTS_DIR; };
		D2DCA2392A14C4AF00557AFA /* ShimmerViewUITests.swift */ = {isa = PBXFileReference; lastKnownFileType = sourcecode.swift; path = ShimmerViewUITests.swift; sourceTree = "<group>"; };
		D2DCA23B2A14C4AF00557AFA /* ShimmerViewUITestsLaunchTests.swift */ = {isa = PBXFileReference; lastKnownFileType = sourcecode.swift; path = ShimmerViewUITestsLaunchTests.swift; sourceTree = "<group>"; };
		D2DCA2482A14C55A00557AFA /* Shimmer.swift */ = {isa = PBXFileReference; lastKnownFileType = sourcecode.swift; path = Shimmer.swift; sourceTree = "<group>"; };
/* End PBXFileReference section */

/* Begin PBXFrameworksBuildPhase section */
		D2DCA2122A14C4AC00557AFA /* Frameworks */ = {
			isa = PBXFrameworksBuildPhase;
			buildActionMask = 2147483647;
			files = (
			);
			runOnlyForDeploymentPostprocessing = 0;
		};
		D2DCA2282A14C4AF00557AFA /* Frameworks */ = {
			isa = PBXFrameworksBuildPhase;
			buildActionMask = 2147483647;
			files = (
			);
			runOnlyForDeploymentPostprocessing = 0;
		};
		D2DCA2322A14C4AF00557AFA /* Frameworks */ = {
			isa = PBXFrameworksBuildPhase;
			buildActionMask = 2147483647;
			files = (
			);
			runOnlyForDeploymentPostprocessing = 0;
		};
/* End PBXFrameworksBuildPhase section */

/* Begin PBXGroup section */
		D2DCA20C2A14C4AC00557AFA = {
			isa = PBXGroup;
			children = (
				D2DCA2172A14C4AC00557AFA /* ShimmerView */,
				D2DCA22E2A14C4AF00557AFA /* ShimmerViewTests */,
				D2DCA2382A14C4AF00557AFA /* ShimmerViewUITests */,
				D2DCA2162A14C4AC00557AFA /* Products */,
			);
			sourceTree = "<group>";
		};
		D2DCA2162A14C4AC00557AFA /* Products */ = {
			isa = PBXGroup;
			children = (
				D2DCA2152A14C4AC00557AFA /* ShimmerView.app */,
				D2DCA22B2A14C4AF00557AFA /* ShimmerViewTests.xctest */,
				D2DCA2352A14C4AF00557AFA /* ShimmerViewUITests.xctest */,
			);
			name = Products;
			sourceTree = "<group>";
		};
		D2DCA2172A14C4AC00557AFA /* ShimmerView */ = {
			isa = PBXGroup;
			children = (
				D2DCA2182A14C4AC00557AFA /* AppDelegate.swift */,
				D2DCA21A2A14C4AC00557AFA /* SceneDelegate.swift */,
				D2DCA21C2A14C4AC00557AFA /* ViewController.swift */,
				D2DCA21E2A14C4AC00557AFA /* Main.storyboard */,
				D2DCA2212A14C4AE00557AFA /* Assets.xcassets */,
				D2DCA2232A14C4AE00557AFA /* LaunchScreen.storyboard */,
				D2DCA2262A14C4AF00557AFA /* Info.plist */,
				D2DCA2482A14C55A00557AFA /* Shimmer.swift */,
			);
			path = ShimmerView;
			sourceTree = "<group>";
		};
		D2DCA22E2A14C4AF00557AFA /* ShimmerViewTests */ = {
			isa = PBXGroup;
			children = (
				D2DCA22F2A14C4AF00557AFA /* ShimmerViewTests.swift */,
			);
			path = ShimmerViewTests;
			sourceTree = "<group>";
		};
		D2DCA2382A14C4AF00557AFA /* ShimmerViewUITests */ = {
			isa = PBXGroup;
			children = (
				D2DCA2392A14C4AF00557AFA /* ShimmerViewUITests.swift */,
				D2DCA23B2A14C4AF00557AFA /* ShimmerViewUITestsLaunchTests.swift */,
			);
			path = ShimmerViewUITests;
			sourceTree = "<group>";
		};
/* End PBXGroup section */

/* Begin PBXNativeTarget section */
		D2DCA2142A14C4AC00557AFA /* ShimmerView */ = {
			isa = PBXNativeTarget;
			buildConfigurationList = D2DCA23F2A14C4AF00557AFA /* Build configuration list for PBXNativeTarget "ShimmerView" */;
			buildPhases = (
				D2DCA2112A14C4AC00557AFA /* Sources */,
				D2DCA2122A14C4AC00557AFA /* Frameworks */,
				D2DCA2132A14C4AC00557AFA /* Resources */,
			);
			buildRules = (
			);
			dependencies = (
			);
			name = ShimmerView;
			productName = ShimmerView;
			productReference = D2DCA2152A14C4AC00557AFA /* ShimmerView.app */;
			productType = "com.apple.product-type.application";
		};
		D2DCA22A2A14C4AF00557AFA /* ShimmerViewTests */ = {
			isa = PBXNativeTarget;
			buildConfigurationList = D2DCA2422A14C4AF00557AFA /* Build configuration list for PBXNativeTarget "ShimmerViewTests" */;
			buildPhases = (
				D2DCA2272A14C4AF00557AFA /* Sources */,
				D2DCA2282A14C4AF00557AFA /* Frameworks */,
				D2DCA2292A14C4AF00557AFA /* Resources */,
			);
			buildRules = (
			);
			dependencies = (
				D2DCA22D2A14C4AF00557AFA /* PBXTargetDependency */,
			);
			name = ShimmerViewTests;
			productName = ShimmerViewTests;
			productReference = D2DCA22B2A14C4AF00557AFA /* ShimmerViewTests.xctest */;
			productType = "com.apple.product-type.bundle.unit-test";
		};
		D2DCA2342A14C4AF00557AFA /* ShimmerViewUITests */ = {
			isa = PBXNativeTarget;
			buildConfigurationList = D2DCA2452A14C4AF00557AFA /* Build configuration list for PBXNativeTarget "ShimmerViewUITests" */;
			buildPhases = (
				D2DCA2312A14C4AF00557AFA /* Sources */,
				D2DCA2322A14C4AF00557AFA /* Frameworks */,
				D2DCA2332A14C4AF00557AFA /* Resources */,
			);
			buildRules = (
			);
			dependencies = (
				D2DCA2372A14C4AF00557AFA /* PBXTargetDependency */,
			);
			name = ShimmerViewUITests;
			productName = ShimmerViewUITests;
			productReference = D2DCA2352A14C4AF00557AFA /* ShimmerViewUITests.xctest */;
			productType = "com.apple.product-type.bundle.ui-testing";
		};
/* End PBXNativeTarget section */

/* Begin PBXProject section */
		D2DCA20D2A14C4AC00557AFA /* Project object */ = {
			isa = PBXProject;
			attributes = {
				BuildIndependentTargetsInParallel = 1;
				LastSwiftUpdateCheck = 1430;
				LastUpgradeCheck = 1430;
				TargetAttributes = {
					D2DCA2142A14C4AC00557AFA = {
						CreatedOnToolsVersion = 14.3;
					};
					D2DCA22A2A14C4AF00557AFA = {
						CreatedOnToolsVersion = 14.3;
						TestTargetID = D2DCA2142A14C4AC00557AFA;
					};
					D2DCA2342A14C4AF00557AFA = {
						CreatedOnToolsVersion = 14.3;
						TestTargetID = D2DCA2142A14C4AC00557AFA;
					};
				};
			};
			buildConfigurationList = D2DCA2102A14C4AC00557AFA /* Build configuration list for PBXProject "ShimmerView" */;
			compatibilityVersion = "Xcode 14.0";
			developmentRegion = en;
			hasScannedForEncodings = 0;
			knownRegions = (
				en,
				Base,
			);
			mainGroup = D2DCA20C2A14C4AC00557AFA;
			productRefGroup = D2DCA2162A14C4AC00557AFA /* Products */;
			projectDirPath = "";
			projectRoot = "";
			targets = (
				D2DCA2142A14C4AC00557AFA /* ShimmerView */,
				D2DCA22A2A14C4AF00557AFA /* ShimmerViewTests */,
				D2DCA2342A14C4AF00557AFA /* ShimmerViewUITests */,
			);
		};
/* End PBXProject section */

/* Begin PBXResourcesBuildPhase section */
		D2DCA2132A14C4AC00557AFA /* Resources */ = {
			isa = PBXResourcesBuildPhase;
			buildActionMask = 2147483647;
			files = (
				D2DCA2252A14C4AF00557AFA /* LaunchScreen.storyboard in Resources */,
				D2DCA2222A14C4AE00557AFA /* Assets.xcassets in Resources */,
				D2DCA2202A14C4AC00557AFA /* Main.storyboard in Resources */,
			);
			runOnlyForDeploymentPostprocessing = 0;
		};
		D2DCA2292A14C4AF00557AFA /* Resources */ = {
			isa = PBXResourcesBuildPhase;
			buildActionMask = 2147483647;
			files = (
			);
			runOnlyForDeploymentPostprocessing = 0;
		};
		D2DCA2332A14C4AF00557AFA /* Resources */ = {
			isa = PBXResourcesBuildPhase;
			buildActionMask = 2147483647;
			files = (
			);
			runOnlyForDeploymentPostprocessing = 0;
		};
/* End PBXResourcesBuildPhase section */

/* Begin PBXSourcesBuildPhase section */
		D2DCA2112A14C4AC00557AFA /* Sources */ = {
			isa = PBXSourcesBuildPhase;
			buildActionMask = 2147483647;
			files = (
				D2DCA21D2A14C4AC00557AFA /* ViewController.swift in Sources */,
				D2DCA2492A14C55A00557AFA /* Shimmer.swift in Sources */,
				D2DCA2192A14C4AC00557AFA /* AppDelegate.swift in Sources */,
				D2DCA21B2A14C4AC00557AFA /* SceneDelegate.swift in Sources */,
			);
			runOnlyForDeploymentPostprocessing = 0;
		};
		D2DCA2272A14C4AF00557AFA /* Sources */ = {
			isa = PBXSourcesBuildPhase;
			buildActionMask = 2147483647;
			files = (
				D2DCA2302A14C4AF00557AFA /* ShimmerViewTests.swift in Sources */,
			);
			runOnlyForDeploymentPostprocessing = 0;
		};
		D2DCA2312A14C4AF00557AFA /* Sources */ = {
			isa = PBXSourcesBuildPhase;
			buildActionMask = 2147483647;
			files = (
				D2DCA23A2A14C4AF00557AFA /* ShimmerViewUITests.swift in Sources */,
				D2DCA23C2A14C4AF00557AFA /* ShimmerViewUITestsLaunchTests.swift in Sources */,
			);
			runOnlyForDeploymentPostprocessing = 0;
		};
/* End PBXSourcesBuildPhase section */

/* Begin PBXTargetDependency section */
		D2DCA22D2A14C4AF00557AFA /* PBXTargetDependency */ = {
			isa = PBXTargetDependency;
			target = D2DCA2142A14C4AC00557AFA /* ShimmerView */;
			targetProxy = D2DCA22C2A14C4AF00557AFA /* PBXContainerItemProxy */;
		};
		D2DCA2372A14C4AF00557AFA /* PBXTargetDependency */ = {
			isa = PBXTargetDependency;
			target = D2DCA2142A14C4AC00557AFA /* ShimmerView */;
			targetProxy = D2DCA2362A14C4AF00557AFA /* PBXContainerItemProxy */;
		};
/* End PBXTargetDependency section */

/* Begin PBXVariantGroup section */
		D2DCA21E2A14C4AC00557AFA /* Main.storyboard */ = {
			isa = PBXVariantGroup;
			children = (
				D2DCA21F2A14C4AC00557AFA /* Base */,
			);
			name = Main.storyboard;
			sourceTree = "<group>";
		};
		D2DCA2232A14C4AE00557AFA /* LaunchScreen.storyboard */ = {
			isa = PBXVariantGroup;
			children = (
				D2DCA2242A14C4AE00557AFA /* Base */,
			);
			name = LaunchScreen.storyboard;
			sourceTree = "<group>";
		};
/* End PBXVariantGroup section */

/* Begin XCBuildConfiguration section */
		D2DCA23D2A14C4AF00557AFA /* Debug */ = {
			isa = XCBuildConfiguration;
			buildSettings = {
				ALWAYS_SEARCH_USER_PATHS = NO;
				CLANG_ANALYZER_NONNULL = YES;
				CLANG_ANALYZER_NUMBER_OBJECT_CONVERSION = YES_AGGRESSIVE;
				CLANG_CXX_LANGUAGE_STANDARD = "gnu++20";
				CLANG_ENABLE_MODULES = YES;
				CLANG_ENABLE_OBJC_ARC = YES;
				CLANG_ENABLE_OBJC_WEAK = YES;
				CLANG_WARN_BLOCK_CAPTURE_AUTORELEASING = YES;
				CLANG_WARN_BOOL_CONVERSION = YES;
				CLANG_WARN_COMMA = YES;
				CLANG_WARN_CONSTANT_CONVERSION = YES;
				CLANG_WARN_DEPRECATED_OBJC_IMPLEMENTATIONS = YES;
				CLANG_WARN_DIRECT_OBJC_ISA_USAGE = YES_ERROR;
				CLANG_WARN_DOCUMENTATION_COMMENTS = YES;
				CLANG_WARN_EMPTY_BODY = YES;
				CLANG_WARN_ENUM_CONVERSION = YES;
				CLANG_WARN_INFINITE_RECURSION = YES;
				CLANG_WARN_INT_CONVERSION = YES;
				CLANG_WARN_NON_LITERAL_NULL_CONVERSION = YES;
				CLANG_WARN_OBJC_IMPLICIT_RETAIN_SELF = YES;
				CLANG_WARN_OBJC_LITERAL_CONVERSION = YES;
				CLANG_WARN_OBJC_ROOT_CLASS = YES_ERROR;
				CLANG_WARN_QUOTED_INCLUDE_IN_FRAMEWORK_HEADER = YES;
				CLANG_WARN_RANGE_LOOP_ANALYSIS = YES;
				CLANG_WARN_STRICT_PROTOTYPES = YES;
				CLANG_WARN_SUSPICIOUS_MOVE = YES;
				CLANG_WARN_UNGUARDED_AVAILABILITY = YES_AGGRESSIVE;
				CLANG_WARN_UNREACHABLE_CODE = YES;
				CLANG_WARN__DUPLICATE_METHOD_MATCH = YES;
				COPY_PHASE_STRIP = NO;
				DEBUG_INFORMATION_FORMAT = dwarf;
				ENABLE_STRICT_OBJC_MSGSEND = YES;
				ENABLE_TESTABILITY = YES;
				GCC_C_LANGUAGE_STANDARD = gnu11;
				GCC_DYNAMIC_NO_PIC = NO;
				GCC_NO_COMMON_BLOCKS = YES;
				GCC_OPTIMIZATION_LEVEL = 0;
				GCC_PREPROCESSOR_DEFINITIONS = (
					"DEBUG=1",
					"$(inherited)",
				);
				GCC_WARN_64_TO_32_BIT_CONVERSION = YES;
				GCC_WARN_ABOUT_RETURN_TYPE = YES_ERROR;
				GCC_WARN_UNDECLARED_SELECTOR = YES;
				GCC_WARN_UNINITIALIZED_AUTOS = YES_AGGRESSIVE;
				GCC_WARN_UNUSED_FUNCTION = YES;
				GCC_WARN_UNUSED_VARIABLE = YES;
				IPHONEOS_DEPLOYMENT_TARGET = 16.4;
				MTL_ENABLE_DEBUG_INFO = INCLUDE_SOURCE;
				MTL_FAST_MATH = YES;
				ONLY_ACTIVE_ARCH = YES;
				SDKROOT = iphoneos;
				SWIFT_ACTIVE_COMPILATION_CONDITIONS = DEBUG;
				SWIFT_OPTIMIZATION_LEVEL = "-Onone";
			};
			name = Debug;
		};
		D2DCA23E2A14C4AF00557AFA /* Release */ = {
			isa = XCBuildConfiguration;
			buildSettings = {
				ALWAYS_SEARCH_USER_PATHS = NO;
				CLANG_ANALYZER_NONNULL = YES;
				CLANG_ANALYZER_NUMBER_OBJECT_CONVERSION = YES_AGGRESSIVE;
				CLANG_CXX_LANGUAGE_STANDARD = "gnu++20";
				CLANG_ENABLE_MODULES = YES;
				CLANG_ENABLE_OBJC_ARC = YES;
				CLANG_ENABLE_OBJC_WEAK = YES;
				CLANG_WARN_BLOCK_CAPTURE_AUTORELEASING = YES;
				CLANG_WARN_BOOL_CONVERSION = YES;
				CLANG_WARN_COMMA = YES;
				CLANG_WARN_CONSTANT_CONVERSION = YES;
				CLANG_WARN_DEPRECATED_OBJC_IMPLEMENTATIONS = YES;
				CLANG_WARN_DIRECT_OBJC_ISA_USAGE = YES_ERROR;
				CLANG_WARN_DOCUMENTATION_COMMENTS = YES;
				CLANG_WARN_EMPTY_BODY = YES;
				CLANG_WARN_ENUM_CONVERSION = YES;
				CLANG_WARN_INFINITE_RECURSION = YES;
				CLANG_WARN_INT_CONVERSION = YES;
				CLANG_WARN_NON_LITERAL_NULL_CONVERSION = YES;
				CLANG_WARN_OBJC_IMPLICIT_RETAIN_SELF = YES;
				CLANG_WARN_OBJC_LITERAL_CONVERSION = YES;
				CLANG_WARN_OBJC_ROOT_CLASS = YES_ERROR;
				CLANG_WARN_QUOTED_INCLUDE_IN_FRAMEWORK_HEADER = YES;
				CLANG_WARN_RANGE_LOOP_ANALYSIS = YES;
				CLANG_WARN_STRICT_PROTOTYPES = YES;
				CLANG_WARN_SUSPICIOUS_MOVE = YES;
				CLANG_WARN_UNGUARDED_AVAILABILITY = YES_AGGRESSIVE;
				CLANG_WARN_UNREACHABLE_CODE = YES;
				CLANG_WARN__DUPLICATE_METHOD_MATCH = YES;
				COPY_PHASE_STRIP = NO;
				DEBUG_INFORMATION_FORMAT = "dwarf-with-dsym";
				ENABLE_NS_ASSERTIONS = NO;
				ENABLE_STRICT_OBJC_MSGSEND = YES;
				GCC_C_LANGUAGE_STANDARD = gnu11;
				GCC_NO_COMMON_BLOCKS = YES;
				GCC_WARN_64_TO_32_BIT_CONVERSION = YES;
				GCC_WARN_ABOUT_RETURN_TYPE = YES_ERROR;
				GCC_WARN_UNDECLARED_SELECTOR = YES;
				GCC_WARN_UNINITIALIZED_AUTOS = YES_AGGRESSIVE;
				GCC_WARN_UNUSED_FUNCTION = YES;
				GCC_WARN_UNUSED_VARIABLE = YES;
				IPHONEOS_DEPLOYMENT_TARGET = 16.4;
				MTL_ENABLE_DEBUG_INFO = NO;
				MTL_FAST_MATH = YES;
				SDKROOT = iphoneos;
				SWIFT_COMPILATION_MODE = wholemodule;
				SWIFT_OPTIMIZATION_LEVEL = "-O";
				VALIDATE_PRODUCT = YES;
			};
			name = Release;
		};
		D2DCA2402A14C4AF00557AFA /* Debug */ = {
			isa = XCBuildConfiguration;
			buildSettings = {
				ASSETCATALOG_COMPILER_APPICON_NAME = AppIcon;
				ASSETCATALOG_COMPILER_GLOBAL_ACCENT_COLOR_NAME = AccentColor;
				CODE_SIGN_STYLE = Automatic;
				CURRENT_PROJECT_VERSION = 1;
				DEVELOPMENT_TEAM = BGM2H9BUYB;
				GENERATE_INFOPLIST_FILE = YES;
				INFOPLIST_FILE = ShimmerView/Info.plist;
				INFOPLIST_KEY_UIApplicationSupportsIndirectInputEvents = YES;
				INFOPLIST_KEY_UILaunchStoryboardName = LaunchScreen;
				INFOPLIST_KEY_UIMainStoryboardFile = Main;
				INFOPLIST_KEY_UISupportedInterfaceOrientations_iPad = "UIInterfaceOrientationPortrait UIInterfaceOrientationPortraitUpsideDown UIInterfaceOrientationLandscapeLeft UIInterfaceOrientationLandscapeRight";
				INFOPLIST_KEY_UISupportedInterfaceOrientations_iPhone = "UIInterfaceOrientationPortrait UIInterfaceOrientationLandscapeLeft UIInterfaceOrientationLandscapeRight";
				IPHONEOS_DEPLOYMENT_TARGET = 13.0;
				LD_RUNPATH_SEARCH_PATHS = (
					"$(inherited)",
					"@executable_path/Frameworks",
				);
				MARKETING_VERSION = 1.0;
				PRODUCT_BUNDLE_IDENTIFIER = com.ms.shimmer.view.ShimmerView;
				PRODUCT_NAME = "$(TARGET_NAME)";
				SWIFT_EMIT_LOC_STRINGS = YES;
				SWIFT_VERSION = 5.0;
				TARGETED_DEVICE_FAMILY = "1,2";
			};
			name = Debug;
		};
		D2DCA2412A14C4AF00557AFA /* Release */ = {
			isa = XCBuildConfiguration;
			buildSettings = {
				ASSETCATALOG_COMPILER_APPICON_NAME = AppIcon;
				ASSETCATALOG_COMPILER_GLOBAL_ACCENT_COLOR_NAME = AccentColor;
				CODE_SIGN_STYLE = Automatic;
				CURRENT_PROJECT_VERSION = 1;
				DEVELOPMENT_TEAM = BGM2H9BUYB;
				GENERATE_INFOPLIST_FILE = YES;
				INFOPLIST_FILE = ShimmerView/Info.plist;
				INFOPLIST_KEY_UIApplicationSupportsIndirectInputEvents = YES;
				INFOPLIST_KEY_UILaunchStoryboardName = LaunchScreen;
				INFOPLIST_KEY_UIMainStoryboardFile = Main;
				INFOPLIST_KEY_UISupportedInterfaceOrientations_iPad = "UIInterfaceOrientationPortrait UIInterfaceOrientationPortraitUpsideDown UIInterfaceOrientationLandscapeLeft UIInterfaceOrientationLandscapeRight";
				INFOPLIST_KEY_UISupportedInterfaceOrientations_iPhone = "UIInterfaceOrientationPortrait UIInterfaceOrientationLandscapeLeft UIInterfaceOrientationLandscapeRight";
				IPHONEOS_DEPLOYMENT_TARGET = 13.0;
				LD_RUNPATH_SEARCH_PATHS = (
					"$(inherited)",
					"@executable_path/Frameworks",
				);
				MARKETING_VERSION = 1.0;
				PRODUCT_BUNDLE_IDENTIFIER = com.ms.shimmer.view.ShimmerView;
				PRODUCT_NAME = "$(TARGET_NAME)";
				SWIFT_EMIT_LOC_STRINGS = YES;
				SWIFT_VERSION = 5.0;
				TARGETED_DEVICE_FAMILY = "1,2";
			};
			name = Release;
		};
		D2DCA2432A14C4AF00557AFA /* Debug */ = {
			isa = XCBuildConfiguration;
			buildSettings = {
				ALWAYS_EMBED_SWIFT_STANDARD_LIBRARIES = YES;
				BUNDLE_LOADER = "$(TEST_HOST)";
				CODE_SIGN_STYLE = Automatic;
				CURRENT_PROJECT_VERSION = 1;
				DEVELOPMENT_TEAM = 3P6U978VZ9;
				GENERATE_INFOPLIST_FILE = YES;
				IPHONEOS_DEPLOYMENT_TARGET = 16.4;
				MARKETING_VERSION = 1.0;
				PRODUCT_BUNDLE_IDENTIFIER = com.ms.shimmer.view.ShimmerViewTests;
				PRODUCT_NAME = "$(TARGET_NAME)";
				SWIFT_EMIT_LOC_STRINGS = NO;
				SWIFT_VERSION = 5.0;
				TARGETED_DEVICE_FAMILY = "1,2";
				TEST_HOST = "$(BUILT_PRODUCTS_DIR)/ShimmerView.app/$(BUNDLE_EXECUTABLE_FOLDER_PATH)/ShimmerView";
			};
			name = Debug;
		};
		D2DCA2442A14C4AF00557AFA /* Release */ = {
			isa = XCBuildConfiguration;
			buildSettings = {
				ALWAYS_EMBED_SWIFT_STANDARD_LIBRARIES = YES;
				BUNDLE_LOADER = "$(TEST_HOST)";
				CODE_SIGN_STYLE = Automatic;
				CURRENT_PROJECT_VERSION = 1;
				DEVELOPMENT_TEAM = 3P6U978VZ9;
				GENERATE_INFOPLIST_FILE = YES;
				IPHONEOS_DEPLOYMENT_TARGET = 16.4;
				MARKETING_VERSION = 1.0;
				PRODUCT_BUNDLE_IDENTIFIER = com.ms.shimmer.view.ShimmerViewTests;
				PRODUCT_NAME = "$(TARGET_NAME)";
				SWIFT_EMIT_LOC_STRINGS = NO;
				SWIFT_VERSION = 5.0;
				TARGETED_DEVICE_FAMILY = "1,2";
				TEST_HOST = "$(BUILT_PRODUCTS_DIR)/ShimmerView.app/$(BUNDLE_EXECUTABLE_FOLDER_PATH)/ShimmerView";
			};
			name = Release;
		};
		D2DCA2462A14C4AF00557AFA /* Debug */ = {
			isa = XCBuildConfiguration;
			buildSettings = {
				ALWAYS_EMBED_SWIFT_STANDARD_LIBRARIES = YES;
				CODE_SIGN_STYLE = Automatic;
				CURRENT_PROJECT_VERSION = 1;
				DEVELOPMENT_TEAM = 3P6U978VZ9;
				GENERATE_INFOPLIST_FILE = YES;
				MARKETING_VERSION = 1.0;
				PRODUCT_BUNDLE_IDENTIFIER = com.ms.shimmer.view.ShimmerViewUITests;
				PRODUCT_NAME = "$(TARGET_NAME)";
				SWIFT_EMIT_LOC_STRINGS = NO;
				SWIFT_VERSION = 5.0;
				TARGETED_DEVICE_FAMILY = "1,2";
				TEST_TARGET_NAME = ShimmerView;
			};
			name = Debug;
		};
		D2DCA2472A14C4AF00557AFA /* Release */ = {
			isa = XCBuildConfiguration;
			buildSettings = {
				ALWAYS_EMBED_SWIFT_STANDARD_LIBRARIES = YES;
				CODE_SIGN_STYLE = Automatic;
				CURRENT_PROJECT_VERSION = 1;
				DEVELOPMENT_TEAM = 3P6U978VZ9;
				GENERATE_INFOPLIST_FILE = YES;
				MARKETING_VERSION = 1.0;
				PRODUCT_BUNDLE_IDENTIFIER = com.ms.shimmer.view.ShimmerViewUITests;
				PRODUCT_NAME = "$(TARGET_NAME)";
				SWIFT_EMIT_LOC_STRINGS = NO;
				SWIFT_VERSION = 5.0;
				TARGETED_DEVICE_FAMILY = "1,2";
				TEST_TARGET_NAME = ShimmerView;
			};
			name = Release;
		};
/* End XCBuildConfiguration section */

/* Begin XCConfigurationList section */
		D2DCA2102A14C4AC00557AFA /* Build configuration list for PBXProject "ShimmerView" */ = {
			isa = XCConfigurationList;
			buildConfigurations = (
				D2DCA23D2A14C4AF00557AFA /* Debug */,
				D2DCA23E2A14C4AF00557AFA /* Release */,
			);
			defaultConfigurationIsVisible = 0;
			defaultConfigurationName = Release;
		};
		D2DCA23F2A14C4AF00557AFA /* Build configuration list for PBXNativeTarget "ShimmerView" */ = {
			isa = XCConfigurationList;
			buildConfigurations = (
				D2DCA2402A14C4AF00557AFA /* Debug */,
				D2DCA2412A14C4AF00557AFA /* Release */,
			);
			defaultConfigurationIsVisible = 0;
			defaultConfigurationName = Release;
		};
		D2DCA2422A14C4AF00557AFA /* Build configuration list for PBXNativeTarget "ShimmerViewTests" */ = {
			isa = XCConfigurationList;
			buildConfigurations = (
				D2DCA2432A14C4AF00557AFA /* Debug */,
				D2DCA2442A14C4AF00557AFA /* Release */,
			);
			defaultConfigurationIsVisible = 0;
			defaultConfigurationName = Release;
		};
		D2DCA2452A14C4AF00557AFA /* Build configuration list for PBXNativeTarget "ShimmerViewUITests" */ = {
			isa = XCConfigurationList;
			buildConfigurations = (
				D2DCA2462A14C4AF00557AFA /* Debug */,
				D2DCA2472A14C4AF00557AFA /* Release */,
			);
			defaultConfigurationIsVisible = 0;
			defaultConfigurationName = Release;
		};
/* End XCConfigurationList section */
	};
	rootObject = D2DCA20D2A14C4AC00557AFA /* Project object */;
}
